
Microsoft Visual Studio Solution File, Format Version 12.00
Project("{FAE04EC0-301F-11D3-BF4B-00C04F79EFBC}") = "OCS.Net.Addressing", "src\OCS.Net.Addressing\OCS.Net.Addressing.csproj", "{7FC9A567-3505-4771-A27C-70376B25D445}"
EndProject
Global
	GlobalSection(SolutionConfigurationPlatforms) = preSolution
		Debug|Any CPU = Debug|Any CPU
		Release|Any CPU = Release|Any CPU
	EndGlobalSection
	GlobalSection(ProjectConfigurationPlatforms) = postSolution
		{7FC9A567-3505-4771-A27C-70376B25D445}.Debug|Any CPU.ActiveCfg = Debug|Any CPU
		{7FC9A567-3505-4771-A27C-70376B25D445}.Debug|Any CPU.Build.0 = Debug|Any CPU
		{7FC9A567-3505-4771-A27C-70376B25D445}.Release|Any CPU.ActiveCfg = Release|Any CPU
		{7FC9A567-3505-4771-A27C-70376B25D445}.Release|Any CPU.Build.0 = Release|Any CPU
	EndGlobalSection
EndGlobal
